
Microsoft Visual Studio Solution File, Format Version 12.00
# Visual Studio Version 17
VisualStudioVersion = 17.4.33213.308
MinimumVisualStudioVersion = 10.0.40219.1
Project("{9A19103F-16F7-4668-BE54-9A1E7A4F7556}") = "CarbonIntegration", "CarbonIntegration.csproj", "{CCA0B10D-5A04-4290-9267-E2A07C08BC69}"
EndProject
Global
	GlobalSection(SolutionConfigurationPlatforms) = preSolution
		Carbon|Any CPU = Carbon|Any CPU
		Host|Any CPU = Host|Any CPU
		Oxide|Any CPU = Oxide|Any CPU
	EndGlobalSection
	GlobalSection(ProjectConfigurationPlatforms) = postSolution
		{CCA0B10D-5A04-4290-9267-E2A07C08BC69}.Carbon|Any CPU.ActiveCfg = Carbon|Any CPU
		{CCA0B10D-5A04-4290-9267-E2A07C08BC69}.Carbon|Any CPU.Build.0 = Carbon|Any CPU
		{CCA0B10D-5A04-4290-9267-E2A07C08BC69}.Host|Any CPU.ActiveCfg = Host|Any CPU
		{CCA0B10D-5A04-4290-9267-E2A07C08BC69}.Host|Any CPU.Build.0 = Host|Any CPU
		{CCA0B10D-5A04-4290-9267-E2A07C08BC69}.Oxide|Any CPU.ActiveCfg = Oxide|Any CPU
		{CCA0B10D-5A04-4290-9267-E2A07C08BC69}.Oxide|Any CPU.Build.0 = Oxide|Any CPU
	EndGlobalSection
	GlobalSection(SolutionProperties) = preSolution
		HideSolutionNode = FALSE
	EndGlobalSection
	GlobalSection(ExtensibilityGlobals) = postSolution
		SolutionGuid = {E3ED19FB-7AD2-412F-B783-E03B7465470E}
	EndGlobalSection
EndGlobal
